# THIS IS AN AUTOGENERATED FILE. DO NOT EDIT THIS FILE DIRECTLY.
# yarn lockfile v1


"@tailwindcss/forms@^0.5.7":
  version "0.5.7"
  resolved "https://registry.yarnpkg.com/@tailwindcss/forms/-/forms-0.5.7.tgz#db5421f062a757b5f828bc9286ba626c6685e821"
  integrity sha512-QE7X69iQI+ZXwldE+rzasvbJiyV/ju1FGHH0Qn2W3FKbuYtqp8LKcy6iSw79fVUT5/Vvf+0XgLCeYVG+UV6hOw==
  dependencies:
    mini-svg-data-uri "^1.2.3"

mini-svg-data-uri@^1.2.3:
  version "1.4.4"
  resolved "https://registry.yarnpkg.com/mini-svg-data-uri/-/mini-svg-data-uri-1.4.4.tgz#8ab0aabcdf8c29ad5693ca595af19dd2ead09939"
  integrity sha512-r9deDe9p5FJUPZAk3A59wGH7Ii9YrjjWw0jmw/liSbHl2CHiyXj6FcDXDu2K3TjVAXqiJdaw3xxwlZZr9E6nHg==
